
Microsoft Visual Studio Solution File, Format Version 12.00
# Visual Studio Version 16
VisualStudioVersion = 16.0.30523.141
MinimumVisualStudioVersion = 10.0.40219.1
Project("{9A19103F-16F7-4668-BE54-9A1E7A4F7556}") = "MediasiteUtil", "src\MediasiteUtil.csproj", "{D1E13CBC-ED21-43FE-B261-0F91832AA707}"
EndProject
Global
	GlobalSection(SolutionConfigurationPlatforms) = preSolution
		Debug|Any CPU = Debug|Any CPU
		Release|Any CPU = Release|Any CPU
	EndGlobalSection
	GlobalSection(ProjectConfigurationPlatforms) = postSolution
		{D1E13CBC-ED21-43FE-B261-0F91832AA707}.Debug|Any CPU.ActiveCfg = Debug|Any CPU
		{D1E13CBC-ED21-43FE-B261-0F91832AA707}.Debug|Any CPU.Build.0 = Debug|Any CPU
		{D1E13CBC-ED21-43FE-B261-0F91832AA707}.Release|Any CPU.ActiveCfg = Release|Any CPU
		{D1E13CBC-ED21-43FE-B261-0F91832AA707}.Release|Any CPU.Build.0 = Release|Any CPU
	EndGlobalSection
	GlobalSection(SolutionProperties) = preSolution
		HideSolutionNode = FALSE
	EndGlobalSection
	GlobalSection(ExtensibilityGlobals) = postSolution
		SolutionGuid = {70DCF716-07AB-4EA9-A090-1B8D168A31E6}
	EndGlobalSection
EndGlobal
